
Microsoft Visual Studio Solution File, Format Version 12.00
# Visual Studio Version 16
VisualStudioVersion = 16.0.34031.81
MinimumVisualStudioVersion = 10.0.40219.1
Project("{FAE04EC0-301F-11D3-BF4B-00C04F79EFBC}") = "BoutiqueEnLigne.Android", "BoutiqueEnLigne.Android\BoutiqueEnLigne.Android.csproj", "{7892099C-9376-44AC-BAA9-47307D237ED6}"
EndProject
Project("{FAE04EC0-301F-11D3-BF4B-00C04F79EFBC}") = "BoutiqueEnLigne", "BoutiqueEnLigne\BoutiqueEnLigne.csproj", "{AA187EFA-EC2B-4336-9FFA-E1F3E0450878}"
EndProject
Global
	GlobalSection(SolutionConfigurationPlatforms) = preSolution
		Debug|Any CPU = Debug|Any CPU
		Release|Any CPU = Release|Any CPU
	EndGlobalSection
	GlobalSection(ProjectConfigurationPlatforms) = postSolution
		{7892099C-9376-44AC-BAA9-47307D237ED6}.Debug|Any CPU.ActiveCfg = Debug|Any CPU
		{7892099C-9376-44AC-BAA9-47307D237ED6}.Debug|Any CPU.Build.0 = Debug|Any CPU
		{7892099C-9376-44AC-BAA9-47307D237ED6}.Debug|Any CPU.Deploy.0 = Debug|Any CPU
		{7892099C-9376-44AC-BAA9-47307D237ED6}.Release|Any CPU.ActiveCfg = Release|Any CPU
		{7892099C-9376-44AC-BAA9-47307D237ED6}.Release|Any CPU.Build.0 = Release|Any CPU
		{7892099C-9376-44AC-BAA9-47307D237ED6}.Release|Any CPU.Deploy.0 = Release|Any CPU
		{AA187EFA-EC2B-4336-9FFA-E1F3E0450878}.Debug|Any CPU.ActiveCfg = Debug|Any CPU
		{AA187EFA-EC2B-4336-9FFA-E1F3E0450878}.Debug|Any CPU.Build.0 = Debug|Any CPU
		{AA187EFA-EC2B-4336-9FFA-E1F3E0450878}.Debug|Any CPU.Deploy.0 = Debug|Any CPU
		{AA187EFA-EC2B-4336-9FFA-E1F3E0450878}.Release|Any CPU.ActiveCfg = Release|Any CPU
		{AA187EFA-EC2B-4336-9FFA-E1F3E0450878}.Release|Any CPU.Build.0 = Release|Any CPU
		{AA187EFA-EC2B-4336-9FFA-E1F3E0450878}.Release|Any CPU.Deploy.0 = Release|Any CPU
	EndGlobalSection
	GlobalSection(SolutionProperties) = preSolution
		HideSolutionNode = FALSE
	EndGlobalSection
	GlobalSection(ExtensibilityGlobals) = postSolution
		SolutionGuid = {26513478-FBFC-4C4C-BD48-64AF23BE31E5}
	EndGlobalSection
EndGlobal
